// !$*UTF8*$!
{
	archiveVersion = 1;
	classes = {
	};
	objectVersion = 50;
	objects = {

/* Begin PBXBuildFile section */
		454B967324E9CC5200EB0A26 /* AppDelegate.swift in Sources */ = {isa = PBXBuildFile; fileRef = 454B967224E9CC5200EB0A26 /* AppDelegate.swift */; };
		454B967524E9CC5200EB0A26 /* SceneDelegate.swift in Sources */ = {isa = PBXBuildFile; fileRef = 454B967424E9CC5200EB0A26 /* SceneDelegate.swift */; };
		454B967724E9CC5200EB0A26 /* ViewController.swift in Sources */ = {isa = PBXBuildFile; fileRef = 454B967624E9CC5200EB0A26 /* ViewController.swift */; };
		454B967A24E9CC5200EB0A26 /* Main.storyboard in Resources */ = {isa = PBXBuildFile; fileRef = 454B967824E9CC5200EB0A26 /* Main.storyboard */; };
		454B967C24E9CC5300EB0A26 /* Assets.xcassets in Resources */ = {isa = PBXBuildFile; fileRef = 454B967B24E9CC5300EB0A26 /* Assets.xcassets */; };
		454B967F24E9CC5300EB0A26 /* LaunchScreen.storyboard in Resources */ = {isa = PBXBuildFile; fileRef = 454B967D24E9CC5300EB0A26 /* LaunchScreen.storyboard */; };
/* End PBXBuildFile section */

/* Begin PBXFileReference section */
		454B966F24E9CC5200EB0A26 /* I_AM_SAM.app */ = {isa = PBXFileReference; explicitFileType = wrapper.application; includeInIndex = 0; path = I_AM_SAM.app; sourceTree = BUILT_PRODUCTS_DIR; };
		454B967224E9CC5200EB0A26 /* AppDelegate.swift */ = {isa = PBXFileReference; lastKnownFileType = sourcecode.swift; path = AppDelegate.swift; sourceTree = "<group>"; };
		454B967424E9CC5200EB0A26 /* SceneDelegate.swift */ = {isa = PBXFileReference; lastKnownFileType = sourcecode.swift; path = SceneDelegate.swift; sourceTree = "<group>"; };
		454B967624E9CC5200EB0A26 /* ViewController.swift */ = {isa = PBXFileReference; lastKnownFileType = sourcecode.swift; path = ViewController.swift; sourceTree = "<group>"; };
		454B967924E9CC5200EB0A26 /* Base */ = {isa = PBXFileReference; lastKnownFileType = file.storyboard; name = Base; path = Base.lproj/Main.storyboard; sourceTree = "<group>"; };
		454B967B24E9CC5300EB0A26 /* Assets.xcassets */ = {isa = PBXFileReference; lastKnownFileType = folder.assetcatalog; path = Assets.xcassets; sourceTree = "<group>"; };
		454B967E24E9CC5300EB0A26 /* Base */ = {isa = PBXFileReference; lastKnownFileType = file.storyboard; name = Base; path = Base.lproj/LaunchScreen.storyboard; sourceTree = "<group>"; };
		454B968024E9CC5300EB0A26 /* Info.plist */ = {isa = PBXFileReference; lastKnownFileType = text.plist.xml; path = Info.plist; sourceTree = "<group>"; };
/* End PBXFileReference section */

/* Begin PBXFrameworksBuildPhase section */
		454B966C24E9CC5200EB0A26 /* Frameworks */ = {
			isa = PBXFrameworksBuildPhase;
			buildActionMask = 2147483647;
			files = (
			);
			runOnlyForDeploymentPostprocessing = 0;
		};
/* End PBXFrameworksBuildPhase section */

/* Begin PBXGroup section */
		454B966624E9CC5200EB0A26 = {
			isa = PBXGroup;
			children = (
				454B967124E9CC5200EB0A26 /* I_AM_SAM */,
				454B967024E9CC5200EB0A26 /* Products */,
			);
			sourceTree = "<group>";
		};
		454B967024E9CC5200EB0A26 /* Products */ = {
			isa = PBXGroup;
			children = (
				454B966F24E9CC5200EB0A26 /* I_AM_SAM.app */,
			);
			name = Products;
			sourceTree = "<group>";
		};
		454B967124E9CC5200EB0A26 /* I_AM_SAM */ = {
			isa = PBXGroup;
			children = (
				454B967224E9CC5200EB0A26 /* AppDelegate.swift */,
				454B967424E9CC5200EB0A26 /* SceneDelegate.swift */,
				454B967624E9CC5200EB0A26 /* ViewController.swift */,
				454B967824E9CC5200EB0A26 /* Main.storyboard */,
				454B967B24E9CC5300EB0A26 /* Assets.xcassets */,
				454B967D24E9CC5300EB0A26 /* LaunchScreen.storyboard */,
				454B968024E9CC5300EB0A26 /* Info.plist */,
			);
			path = I_AM_SAM;
			sourceTree = "<group>";
		};
/* End PBXGroup section */

/* Begin PBXNativeTarget section */
		454B966E24E9CC5200EB0A26 /* I_AM_SAM */ = {
			isa = PBXNativeTarget;
			buildConfigurationList = 454B968324E9CC5300EB0A26 /* Build configuration list for PBXNativeTarget "I_AM_SAM" */;
			buildPhases = (
				454B966B24E9CC5200EB0A26 /* Sources */,
				454B966C24E9CC5200EB0A26 /* Frameworks */,
				454B966D24E9CC5200EB0A26 /* Resources */,
			);
			buildRules = (
			);
			dependencies = (
			);
			name = I_AM_SAM;
			productName = I_AM_SAM;
			productReference = 454B966F24E9CC5200EB0A26 /* I_AM_SAM.app */;
			productType = "com.apple.product-type.application";
		};
/* End PBXNativeTarget section */

/* Begin PBXProject section */
		454B966724E9CC5200EB0A26 /* Project object */ = {
			isa = PBXProject;
			attributes = {
				LastSwiftUpdateCheck = 1160;
				LastUpgradeCheck = 1160;
				ORGANIZATIONNAME = solareenlo;
				TargetAttributes = {
					454B966E24E9CC5200EB0A26 = {
						CreatedOnToolsVersion = 11.6;
					};
				};
			};
			buildConfigurationList = 454B966A24E9CC5200EB0A26 /* Build configuration list for PBXProject "I_AM_SAM" */;
			compatibilityVersion = "Xcode 9.3";
			developmentRegion = en;
			hasScannedForEncodings = 0;
			knownRegions = (
				en,
				Base,
			);
			mainGroup = 454B966624E9CC5200EB0A26;
			productRefGroup = 454B967024E9CC5200EB0A26 /* Products */;
			projectDirPath = "";
			projectRoot = "";
			targets = (
				454B966E24E9CC5200EB0A26 /* I_AM_SAM */,
			);
		};
/* End PBXProject section */

/* Begin PBXResourcesBuildPhase section */
		454B966D24E9CC5200EB0A26 /* Resources */ = {
			isa = PBXResourcesBuildPhase;
			buildActionMask = 2147483647;
			files = (
				454B967F24E9CC5300EB0A26 /* LaunchScreen.storyboard in Resources */,
				454B967C24E9CC5300EB0A26 /* Assets.xcassets in Resources */,
				454B967A24E9CC5200EB0A26 /* Main.storyboard in Resources */,
			);
			runOnlyForDeploymentPostprocessing = 0;
		};
/* End PBXResourcesBuildPhase section */

/* Begin PBXSourcesBuildPhase section */
		454B966B24E9CC5200EB0A26 /* Sources */ = {
			isa = PBXSourcesBuildPhase;
			buildActionMask = 2147483647;
			files = (
				454B967724E9CC5200EB0A26 /* ViewController.swift in Sources */,
				454B967324E9CC5200EB0A26 /* AppDelegate.swift in Sources */,
				454B967524E9CC5200EB0A26 /* SceneDelegate.swift in Sources */,
			);
			runOnlyForDeploymentPostprocessing = 0;
		};
/* End PBXSourcesBuildPhase section */

/* Begin PBXVariantGroup section */
		454B967824E9CC5200EB0A26 /* Main.storyboard */ = {
			isa = PBXVariantGroup;
			children = (
				454B967924E9CC5200EB0A26 /* Base */,
			);
			name = Main.storyboard;
			sourceTree = "<group>";
		};
		454B967D24E9CC5300EB0A26 /* LaunchScreen.storyboard */ = {
			isa = PBXVariantGroup;
			children = (
				454B967E24E9CC5300EB0A26 /* Base */,
			);
			name = LaunchScreen.storyboard;
			sourceTree = "<group>";
		};
/* End PBXVariantGroup section */

/* Begin XCBuildConfiguration section */
		454B968124E9CC5300EB0A26 /* Debug */ = {
			isa = XCBuildConfiguration;
			buildSettings = {
				ALWAYS_SEARCH_USER_PATHS = NO;
				CLANG_ANALYZER_NONNULL = YES;
				CLANG_ANALYZER_NUMBER_OBJECT_CONVERSION = YES_AGGRESSIVE;
				CLANG_CXX_LANGUAGE_STANDARD = "gnu++14";
				CLANG_CXX_LIBRARY = "libc++";
				CLANG_ENABLE_MODULES = YES;
				CLANG_ENABLE_OBJC_ARC = YES;
				CLANG_ENABLE_OBJC_WEAK = YES;
				CLANG_WARN_BLOCK_CAPTURE_AUTORELEASING = YES;
				CLANG_WARN_BOOL_CONVERSION = YES;
				CLANG_WARN_COMMA = YES;
				CLANG_WARN_CONSTANT_CONVERSION = YES;
				CLANG_WARN_DEPRECATED_OBJC_IMPLEMENTATIONS = YES;
				CLANG_WARN_DIRECT_OBJC_ISA_USAGE = YES_ERROR;
				CLANG_WARN_DOCUMENTATION_COMMENTS = YES;
				CLANG_WARN_EMPTY_BODY = YES;
				CLANG_WARN_ENUM_CONVERSION = YES;
				CLANG_WARN_INFINITE_RECURSION = YES;
				CLANG_WARN_INT_CONVERSION = YES;
				CLANG_WARN_NON_LITERAL_NULL_CONVERSION = YES;
				CLANG_WARN_OBJC_IMPLICIT_RETAIN_SELF = YES;
				CLANG_WARN_OBJC_LITERAL_CONVERSION = YES;
				CLANG_WARN_OBJC_ROOT_CLASS = YES_ERROR;
				CLANG_WARN_RANGE_LOOP_ANALYSIS = YES;
				CLANG_WARN_STRICT_PROTOTYPES = YES;
				CLANG_WARN_SUSPICIOUS_MOVE = YES;
				CLANG_WARN_UNGUARDED_AVAILABILITY = YES_AGGRESSIVE;
				CLANG_WARN_UNREACHABLE_CODE = YES;
				CLANG_WARN__DUPLICATE_METHOD_MATCH = YES;
				COPY_PHASE_STRIP = NO;
				DEBUG_INFORMATION_FORMAT = dwarf;
				ENABLE_STRICT_OBJC_MSGSEND = YES;
				ENABLE_TESTABILITY = YES;
				GCC_C_LANGUAGE_STANDARD = gnu11;
				GCC_DYNAMIC_NO_PIC = NO;
				GCC_NO_COMMON_BLOCKS = YES;
				GCC_OPTIMIZATION_LEVEL = 0;
				GCC_PREPROCESSOR_DEFINITIONS = (
					"DEBUG=1",
					"$(inherited)",
				);
				GCC_WARN_64_TO_32_BIT_CONVERSION = YES;
				GCC_WARN_ABOUT_RETURN_TYPE = YES_ERROR;
				GCC_WARN_UNDECLARED_SELECTOR = YES;
				GCC_WARN_UNINITIALIZED_AUTOS = YES_AGGRESSIVE;
				GCC_WARN_UNUSED_FUNCTION = YES;
				GCC_WARN_UNUSED_VARIABLE = YES;
				IPHONEOS_DEPLOYMENT_TARGET = 13.6;
				MTL_ENABLE_DEBUG_INFO = INCLUDE_SOURCE;
				MTL_FAST_MATH = YES;
				ONLY_ACTIVE_ARCH = YES;
				SDKROOT = iphoneos;
				SWIFT_ACTIVE_COMPILATION_CONDITIONS = DEBUG;
				SWIFT_OPTIMIZATION_LEVEL = "-Onone";
			};
			name = Debug;
		};
		454B968224E9CC5300EB0A26 /* Release */ = {
			isa = XCBuildConfiguration;
			buildSettings = {
				ALWAYS_SEARCH_USER_PATHS = NO;
				CLANG_ANALYZER_NONNULL = YES;
				CLANG_ANALYZER_NUMBER_OBJECT_CONVERSION = YES_AGGRESSIVE;
				CLANG_CXX_LANGUAGE_STANDARD = "gnu++14";
				CLANG_CXX_LIBRARY = "libc++";
				CLANG_ENABLE_MODULES = YES;
				CLANG_ENABLE_OBJC_ARC = YES;
				CLANG_ENABLE_OBJC_WEAK = YES;
				CLANG_WARN_BLOCK_CAPTURE_AUTORELEASING = YES;
				CLANG_WARN_BOOL_CONVERSION = YES;
				CLANG_WARN_COMMA = YES;
				CLANG_WARN_CONSTANT_CONVERSION = YES;
				CLANG_WARN_DEPRECATED_OBJC_IMPLEMENTATIONS = YES;
				CLANG_WARN_DIRECT_OBJC_ISA_USAGE = YES_ERROR;
				CLANG_WARN_DOCUMENTATION_COMMENTS = YES;
				CLANG_WARN_EMPTY_BODY = YES;
				CLANG_WARN_ENUM_CONVERSION = YES;
				CLANG_WARN_INFINITE_RECURSION = YES;
				CLANG_WARN_INT_CONVERSION = YES;
				CLANG_WARN_NON_LITERAL_NULL_CONVERSION = YES;
				CLANG_WARN_OBJC_IMPLICIT_RETAIN_SELF = YES;
				CLANG_WARN_OBJC_LITERAL_CONVERSION = YES;
				CLANG_WARN_OBJC_ROOT_CLASS = YES_ERROR;
				CLANG_WARN_RANGE_LOOP_ANALYSIS = YES;
				CLANG_WARN_STRICT_PROTOTYPES = YES;
				CLANG_WARN_SUSPICIOUS_MOVE = YES;
				CLANG_WARN_UNGUARDED_AVAILABILITY = YES_AGGRESSIVE;
				CLANG_WARN_UNREACHABLE_CODE = YES;
				CLANG_WARN__DUPLICATE_METHOD_MATCH = YES;
				COPY_PHASE_STRIP = NO;
				DEBUG_INFORMATION_FORMAT = "dwarf-with-dsym";
				ENABLE_NS_ASSERTIONS = NO;
				ENABLE_STRICT_OBJC_MSGSEND = YES;
				GCC_C_LANGUAGE_STANDARD = gnu11;
				GCC_NO_COMMON_BLOCKS = YES;
				GCC_WARN_64_TO_32_BIT_CONVERSION = YES;
				GCC_WARN_ABOUT_RETURN_TYPE = YES_ERROR;
				GCC_WARN_UNDECLARED_SELECTOR = YES;
				GCC_WARN_UNINITIALIZED_AUTOS = YES_AGGRESSIVE;
				GCC_WARN_UNUSED_FUNCTION = YES;
				GCC_WARN_UNUSED_VARIABLE = YES;
				IPHONEOS_DEPLOYMENT_TARGET = 13.6;
				MTL_ENABLE_DEBUG_INFO = NO;
				MTL_FAST_MATH = YES;
				SDKROOT = iphoneos;
				SWIFT_COMPILATION_MODE = wholemodule;
				SWIFT_OPTIMIZATION_LEVEL = "-O";
				VALIDATE_PRODUCT = YES;
			};
			name = Release;
		};
		454B968424E9CC5300EB0A26 /* Debug */ = {
			isa = XCBuildConfiguration;
			buildSettings = {
				ASSETCATALOG_COMPILER_APPICON_NAME = AppIcon;
				CODE_SIGN_STYLE = Automatic;
				INFOPLIST_FILE = I_AM_SAM/Info.plist;
				LD_RUNPATH_SEARCH_PATHS = (
					"$(inherited)",
					"@executable_path/Frameworks",
				);
				PRODUCT_BUNDLE_IDENTIFIER = "com.solareenlo.I-AM-SAM";
				PRODUCT_NAME = "$(TARGET_NAME)";
				SWIFT_VERSION = 5.0;
				TARGETED_DEVICE_FAMILY = "1,2";
			};
			name = Debug;
		};
		454B968524E9CC5300EB0A26 /* Release */ = {
			isa = XCBuildConfiguration;
			buildSettings = {
				ASSETCATALOG_COMPILER_APPICON_NAME = AppIcon;
				CODE_SIGN_STYLE = Automatic;
				INFOPLIST_FILE = I_AM_SAM/Info.plist;
				LD_RUNPATH_SEARCH_PATHS = (
					"$(inherited)",
					"@executable_path/Frameworks",
				);
				PRODUCT_BUNDLE_IDENTIFIER = "com.solareenlo.I-AM-SAM";
				PRODUCT_NAME = "$(TARGET_NAME)";
				SWIFT_VERSION = 5.0;
				TARGETED_DEVICE_FAMILY = "1,2";
			};
			name = Release;
		};
/* End XCBuildConfiguration section */

/* Begin XCConfigurationList section */
		454B966A24E9CC5200EB0A26 /* Build configuration list for PBXProject "I_AM_SAM" */ = {
			isa = XCConfigurationList;
			buildConfigurations = (
				454B968124E9CC5300EB0A26 /* Debug */,
				454B968224E9CC5300EB0A26 /* Release */,
			);
			defaultConfigurationIsVisible = 0;
			defaultConfigurationName = Release;
		};
		454B968324E9CC5300EB0A26 /* Build configuration list for PBXNativeTarget "I_AM_SAM" */ = {
			isa = XCConfigurationList;
			buildConfigurations = (
				454B968424E9CC5300EB0A26 /* Debug */,
				454B968524E9CC5300EB0A26 /* Release */,
			);
			defaultConfigurationIsVisible = 0;
			defaultConfigurationName = Release;
		};
/* End XCConfigurationList section */
	};
	rootObject = 454B966724E9CC5200EB0A26 /* Project object */;
}
